
Microsoft Visual Studio Solution File, Format Version 12.00
# Visual Studio Version 16
VisualStudioVersion = 16.0.30717.126
MinimumVisualStudioVersion = 10.0.40219.1
Project("{FAE04EC0-301F-11D3-BF4B-00C04F79EFBC}") = "FileSystem", "FileSystem\FileSystem.csproj", "{97D44FBA-D850-4E31-8568-C95AF11E0697}"
EndProject
Global
	GlobalSection(SolutionConfigurationPlatforms) = preSolution
		Debug|Any CPU = Debug|Any CPU
		Release|Any CPU = Release|Any CPU
	EndGlobalSection
	GlobalSection(ProjectConfigurationPlatforms) = postSolution
		{97D44FBA-D850-4E31-8568-C95AF11E0697}.Debug|Any CPU.ActiveCfg = Debug|Any CPU
		{97D44FBA-D850-4E31-8568-C95AF11E0697}.Debug|Any CPU.Build.0 = Debug|Any CPU
		{97D44FBA-D850-4E31-8568-C95AF11E0697}.Release|Any CPU.ActiveCfg = Release|Any CPU
		{97D44FBA-D850-4E31-8568-C95AF11E0697}.Release|Any CPU.Build.0 = Release|Any CPU
	EndGlobalSection
	GlobalSection(SolutionProperties) = preSolution
		HideSolutionNode = FALSE
	EndGlobalSection
	GlobalSection(ExtensibilityGlobals) = postSolution
		SolutionGuid = {6592E41A-2774-4B56-8248-323565EB1D5D}
	EndGlobalSection
EndGlobal
